
Microsoft Visual Studio Solution File, Format Version 12.00
# Visual Studio Version 17
VisualStudioVersion = 17.0.31903.59
MinimumVisualStudioVersion = 10.0.40219.1
Project("{2150E333-8FDC-42A3-9474-1A3956D46DE8}") = "src", "src", "{827E0CD3-B72D-47B6-A68D-7590B98EB39B}"
EndProject
Project("{FAE04EC0-301F-11D3-BF4B-00C04F79EFBC}") = "Api", "src\Api\Api.csproj", "{3D586A7A-5B24-4181-8DCC-ABE3C2EFC19D}"
EndProject
Project("{FAE04EC0-301F-11D3-BF4B-00C04F79EFBC}") = "Application", "src\Application\Application.csproj", "{604EDB58-6F46-49CC-A6F4-67A050811F81}"
EndProject
Project("{FAE04EC0-301F-11D3-BF4B-00C04F79EFBC}") = "Domain", "src\Domain\Domain.csproj", "{583D636B-E6CE-4AC2-AD8F-7C76DC898328}"
EndProject
Project("{FAE04EC0-301F-11D3-BF4B-00C04F79EFBC}") = "Infrastructure", "src\Infrastructure\Infrastructure.csproj", "{B5ECF1EB-3684-4253-A63B-ECAFD843B1EC}"
EndProject
Global
	GlobalSection(SolutionConfigurationPlatforms) = preSolution
		Debug|Any CPU = Debug|Any CPU
		Debug|x64 = Debug|x64
		Debug|x86 = Debug|x86
		Release|Any CPU = Release|Any CPU
		Release|x64 = Release|x64
		Release|x86 = Release|x86
	EndGlobalSection
	GlobalSection(ProjectConfigurationPlatforms) = postSolution
		{3D586A7A-5B24-4181-8DCC-ABE3C2EFC19D}.Debug|Any CPU.ActiveCfg = Debug|Any CPU
		{3D586A7A-5B24-4181-8DCC-ABE3C2EFC19D}.Debug|Any CPU.Build.0 = Debug|Any CPU
		{3D586A7A-5B24-4181-8DCC-ABE3C2EFC19D}.Debug|x64.ActiveCfg = Debug|Any CPU
		{3D586A7A-5B24-4181-8DCC-ABE3C2EFC19D}.Debug|x64.Build.0 = Debug|Any CPU
		{3D586A7A-5B24-4181-8DCC-ABE3C2EFC19D}.Debug|x86.ActiveCfg = Debug|Any CPU
		{3D586A7A-5B24-4181-8DCC-ABE3C2EFC19D}.Debug|x86.Build.0 = Debug|Any CPU
		{3D586A7A-5B24-4181-8DCC-ABE3C2EFC19D}.Release|Any CPU.ActiveCfg = Release|Any CPU
		{3D586A7A-5B24-4181-8DCC-ABE3C2EFC19D}.Release|Any CPU.Build.0 = Release|Any CPU
		{3D586A7A-5B24-4181-8DCC-ABE3C2EFC19D}.Release|x64.ActiveCfg = Release|Any CPU
		{3D586A7A-5B24-4181-8DCC-ABE3C2EFC19D}.Release|x64.Build.0 = Release|Any CPU
		{3D586A7A-5B24-4181-8DCC-ABE3C2EFC19D}.Release|x86.ActiveCfg = Release|Any CPU
		{3D586A7A-5B24-4181-8DCC-ABE3C2EFC19D}.Release|x86.Build.0 = Release|Any CPU
		{604EDB58-6F46-49CC-A6F4-67A050811F81}.Debug|Any CPU.ActiveCfg = Debug|Any CPU
		{604EDB58-6F46-49CC-A6F4-67A050811F81}.Debug|Any CPU.Build.0 = Debug|Any CPU
		{604EDB58-6F46-49CC-A6F4-67A050811F81}.Debug|x64.ActiveCfg = Debug|Any CPU
		{604EDB58-6F46-49CC-A6F4-67A050811F81}.Debug|x64.Build.0 = Debug|Any CPU
		{604EDB58-6F46-49CC-A6F4-67A050811F81}.Debug|x86.ActiveCfg = Debug|Any CPU
		{604EDB58-6F46-49CC-A6F4-67A050811F81}.Debug|x86.Build.0 = Debug|Any CPU
		{604EDB58-6F46-49CC-A6F4-67A050811F81}.Release|Any CPU.ActiveCfg = Release|Any CPU
		{604EDB58-6F46-49CC-A6F4-67A050811F81}.Release|Any CPU.Build.0 = Release|Any CPU
		{604EDB58-6F46-49CC-A6F4-67A050811F81}.Release|x64.ActiveCfg = Release|Any CPU
		{604EDB58-6F46-49CC-A6F4-67A050811F81}.Release|x64.Build.0 = Release|Any CPU
		{604EDB58-6F46-49CC-A6F4-67A050811F81}.Release|x86.ActiveCfg = Release|Any CPU
		{604EDB58-6F46-49CC-A6F4-67A050811F81}.Release|x86.Build.0 = Release|Any CPU
		{583D636B-E6CE-4AC2-AD8F-7C76DC898328}.Debug|Any CPU.ActiveCfg = Debug|Any CPU
		{583D636B-E6CE-4AC2-AD8F-7C76DC898328}.Debug|Any CPU.Build.0 = Debug|Any CPU
		{583D636B-E6CE-4AC2-AD8F-7C76DC898328}.Debug|x64.ActiveCfg = Debug|Any CPU
		{583D636B-E6CE-4AC2-AD8F-7C76DC898328}.Debug|x64.Build.0 = Debug|Any CPU
		{583D636B-E6CE-4AC2-AD8F-7C76DC898328}.Debug|x86.ActiveCfg = Debug|Any CPU
		{583D636B-E6CE-4AC2-AD8F-7C76DC898328}.Debug|x86.Build.0 = Debug|Any CPU
		{583D636B-E6CE-4AC2-AD8F-7C76DC898328}.Release|Any CPU.ActiveCfg = Release|Any CPU
		{583D636B-E6CE-4AC2-AD8F-7C76DC898328}.Release|Any CPU.Build.0 = Release|Any CPU
		{583D636B-E6CE-4AC2-AD8F-7C76DC898328}.Release|x64.ActiveCfg = Release|Any CPU
		{583D636B-E6CE-4AC2-AD8F-7C76DC898328}.Release|x64.Build.0 = Release|Any CPU
		{583D636B-E6CE-4AC2-AD8F-7C76DC898328}.Release|x86.ActiveCfg = Release|Any CPU
		{583D636B-E6CE-4AC2-AD8F-7C76DC898328}.Release|x86.Build.0 = Release|Any CPU
		{B5ECF1EB-3684-4253-A63B-ECAFD843B1EC}.Debug|Any CPU.ActiveCfg = Debug|Any CPU
		{B5ECF1EB-3684-4253-A63B-ECAFD843B1EC}.Debug|Any CPU.Build.0 = Debug|Any CPU
		{B5ECF1EB-3684-4253-A63B-ECAFD843B1EC}.Debug|x64.ActiveCfg = Debug|Any CPU
		{B5ECF1EB-3684-4253-A63B-ECAFD843B1EC}.Debug|x64.Build.0 = Debug|Any CPU
		{B5ECF1EB-3684-4253-A63B-ECAFD843B1EC}.Debug|x86.ActiveCfg = Debug|Any CPU
		{B5ECF1EB-3684-4253-A63B-ECAFD843B1EC}.Debug|x86.Build.0 = Debug|Any CPU
		{B5ECF1EB-3684-4253-A63B-ECAFD843B1EC}.Release|Any CPU.ActiveCfg = Release|Any CPU
		{B5ECF1EB-3684-4253-A63B-ECAFD843B1EC}.Release|Any CPU.Build.0 = Release|Any CPU
		{B5ECF1EB-3684-4253-A63B-ECAFD843B1EC}.Release|x64.ActiveCfg = Release|Any CPU
		{B5ECF1EB-3684-4253-A63B-ECAFD843B1EC}.Release|x64.Build.0 = Release|Any CPU
		{B5ECF1EB-3684-4253-A63B-ECAFD843B1EC}.Release|x86.ActiveCfg = Release|Any CPU
		{B5ECF1EB-3684-4253-A63B-ECAFD843B1EC}.Release|x86.Build.0 = Release|Any CPU
	EndGlobalSection
	GlobalSection(SolutionProperties) = preSolution
		HideSolutionNode = FALSE
	EndGlobalSection
	GlobalSection(NestedProjects) = preSolution
		{3D586A7A-5B24-4181-8DCC-ABE3C2EFC19D} = {827E0CD3-B72D-47B6-A68D-7590B98EB39B}
		{604EDB58-6F46-49CC-A6F4-67A050811F81} = {827E0CD3-B72D-47B6-A68D-7590B98EB39B}
		{583D636B-E6CE-4AC2-AD8F-7C76DC898328} = {827E0CD3-B72D-47B6-A68D-7590B98EB39B}
		{B5ECF1EB-3684-4253-A63B-ECAFD843B1EC} = {827E0CD3-B72D-47B6-A68D-7590B98EB39B}
	EndGlobalSection
EndGlobal
